// !$*UTF8*$!
{
	archiveVersion = 1;
	classes = {
	};
	objectVersion = 50;
	objects = {

/* Begin PBXBuildFile section */
		C30C9B1D25615421004ED73A /* MyFoodMenuApp.swift in Sources */ = {isa = PBXBuildFile; fileRef = C30C9B1C25615421004ED73A /* MyFoodMenuApp.swift */; };
		C30C9B1F25615421004ED73A /* ContentView.swift in Sources */ = {isa = PBXBuildFile; fileRef = C30C9B1E25615421004ED73A /* ContentView.swift */; };
		C30C9B2125615423004ED73A /* Assets.xcassets in Resources */ = {isa = PBXBuildFile; fileRef = C30C9B2025615423004ED73A /* Assets.xcassets */; };
		C30C9B2425615423004ED73A /* Preview Assets.xcassets in Resources */ = {isa = PBXBuildFile; fileRef = C30C9B2325615423004ED73A /* Preview Assets.xcassets */; };
		C30C9B2F25615423004ED73A /* MyFoodMenuTests.swift in Sources */ = {isa = PBXBuildFile; fileRef = C30C9B2E25615423004ED73A /* MyFoodMenuTests.swift */; };
		C30C9B3A25615423004ED73A /* MyFoodMenuUITests.swift in Sources */ = {isa = PBXBuildFile; fileRef = C30C9B3925615423004ED73A /* MyFoodMenuUITests.swift */; };
		C30C9B4F25619032004ED73A /* FoodRowView.swift in Sources */ = {isa = PBXBuildFile; fileRef = C30C9B4E25619032004ED73A /* FoodRowView.swift */; };
		C30C9B5825619CE7004ED73A /* FoodModel.swift in Sources */ = {isa = PBXBuildFile; fileRef = C30C9B5725619CE7004ED73A /* FoodModel.swift */; };
		C30C9B6125619E37004ED73A /* Food.swift in Sources */ = {isa = PBXBuildFile; fileRef = C30C9B6025619E37004ED73A /* Food.swift */; };
/* End PBXBuildFile section */

/* Begin PBXContainerItemProxy section */
		C30C9B2B25615423004ED73A /* PBXContainerItemProxy */ = {
			isa = PBXContainerItemProxy;
			containerPortal = C30C9B1125615421004ED73A /* Project object */;
			proxyType = 1;
			remoteGlobalIDString = C30C9B1825615421004ED73A;
			remoteInfo = MyFoodMenu;
		};
		C30C9B3625615423004ED73A /* PBXContainerItemProxy */ = {
			isa = PBXContainerItemProxy;
			containerPortal = C30C9B1125615421004ED73A /* Project object */;
			proxyType = 1;
			remoteGlobalIDString = C30C9B1825615421004ED73A;
			remoteInfo = MyFoodMenu;
		};
/* End PBXContainerItemProxy section */

/* Begin PBXFileReference section */
		C30C9B1925615421004ED73A /* MyFoodMenu.app */ = {isa = PBXFileReference; explicitFileType = wrapper.application; includeInIndex = 0; path = MyFoodMenu.app; sourceTree = BUILT_PRODUCTS_DIR; };
		C30C9B1C25615421004ED73A /* MyFoodMenuApp.swift */ = {isa = PBXFileReference; lastKnownFileType = sourcecode.swift; path = MyFoodMenuApp.swift; sourceTree = "<group>"; };
		C30C9B1E25615421004ED73A /* ContentView.swift */ = {isa = PBXFileReference; lastKnownFileType = sourcecode.swift; path = ContentView.swift; sourceTree = "<group>"; };
		C30C9B2025615423004ED73A /* Assets.xcassets */ = {isa = PBXFileReference; lastKnownFileType = folder.assetcatalog; path = Assets.xcassets; sourceTree = "<group>"; };
		C30C9B2325615423004ED73A /* Preview Assets.xcassets */ = {isa = PBXFileReference; lastKnownFileType = folder.assetcatalog; path = "Preview Assets.xcassets"; sourceTree = "<group>"; };
		C30C9B2525615423004ED73A /* Info.plist */ = {isa = PBXFileReference; lastKnownFileType = text.plist.xml; path = Info.plist; sourceTree = "<group>"; };
		C30C9B2A25615423004ED73A /* MyFoodMenuTests.xctest */ = {isa = PBXFileReference; explicitFileType = wrapper.cfbundle; includeInIndex = 0; path = MyFoodMenuTests.xctest; sourceTree = BUILT_PRODUCTS_DIR; };
		C30C9B2E25615423004ED73A /* MyFoodMenuTests.swift */ = {isa = PBXFileReference; lastKnownFileType = sourcecode.swift; path = MyFoodMenuTests.swift; sourceTree = "<group>"; };
		C30C9B3025615423004ED73A /* Info.plist */ = {isa = PBXFileReference; lastKnownFileType = text.plist.xml; path = Info.plist; sourceTree = "<group>"; };
		C30C9B3525615423004ED73A /* MyFoodMenuUITests.xctest */ = {isa = PBXFileReference; explicitFileType = wrapper.cfbundle; includeInIndex = 0; path = MyFoodMenuUITests.xctest; sourceTree = BUILT_PRODUCTS_DIR; };
		C30C9B3925615423004ED73A /* MyFoodMenuUITests.swift */ = {isa = PBXFileReference; lastKnownFileType = sourcecode.swift; path = MyFoodMenuUITests.swift; sourceTree = "<group>"; };
		C30C9B3B25615423004ED73A /* Info.plist */ = {isa = PBXFileReference; lastKnownFileType = text.plist.xml; path = Info.plist; sourceTree = "<group>"; };
		C30C9B4E25619032004ED73A /* FoodRowView.swift */ = {isa = PBXFileReference; lastKnownFileType = sourcecode.swift; path = FoodRowView.swift; sourceTree = "<group>"; };
		C30C9B5725619CE7004ED73A /* FoodModel.swift */ = {isa = PBXFileReference; lastKnownFileType = sourcecode.swift; path = FoodModel.swift; sourceTree = "<group>"; };
		C30C9B6025619E37004ED73A /* Food.swift */ = {isa = PBXFileReference; lastKnownFileType = sourcecode.swift; path = Food.swift; sourceTree = "<group>"; };
/* End PBXFileReference section */

/* Begin PBXFrameworksBuildPhase section */
		C30C9B1625615421004ED73A /* Frameworks */ = {
			isa = PBXFrameworksBuildPhase;
			buildActionMask = 2147483647;
			files = (
			);
			runOnlyForDeploymentPostprocessing = 0;
		};
		C30C9B2725615423004ED73A /* Frameworks */ = {
			isa = PBXFrameworksBuildPhase;
			buildActionMask = 2147483647;
			files = (
			);
			runOnlyForDeploymentPostprocessing = 0;
		};
		C30C9B3225615423004ED73A /* Frameworks */ = {
			isa = PBXFrameworksBuildPhase;
			buildActionMask = 2147483647;
			files = (
			);
			runOnlyForDeploymentPostprocessing = 0;
		};
/* End PBXFrameworksBuildPhase section */

/* Begin PBXGroup section */
		C30C9B1025615421004ED73A = {
			isa = PBXGroup;
			children = (
				C30C9B1B25615421004ED73A /* MyFoodMenu */,
				C30C9B2D25615423004ED73A /* MyFoodMenuTests */,
				C30C9B3825615423004ED73A /* MyFoodMenuUITests */,
				C30C9B1A25615421004ED73A /* Products */,
			);
			sourceTree = "<group>";
		};
		C30C9B1A25615421004ED73A /* Products */ = {
			isa = PBXGroup;
			children = (
				C30C9B1925615421004ED73A /* MyFoodMenu.app */,
				C30C9B2A25615423004ED73A /* MyFoodMenuTests.xctest */,
				C30C9B3525615423004ED73A /* MyFoodMenuUITests.xctest */,
			);
			name = Products;
			sourceTree = "<group>";
		};
		C30C9B1B25615421004ED73A /* MyFoodMenu */ = {
			isa = PBXGroup;
			children = (
				C30C9B5F25619E09004ED73A /* Data */,
				C30C9B5625619CCA004ED73A /* Model */,
				C30C9B4D25619000004ED73A /* View */,
				C30C9B4C25618FE8004ED73A /* App */,
				C30C9B2025615423004ED73A /* Assets.xcassets */,
				C30C9B2525615423004ED73A /* Info.plist */,
				C30C9B2225615423004ED73A /* Preview Content */,
			);
			path = MyFoodMenu;
			sourceTree = "<group>";
		};
		C30C9B2225615423004ED73A /* Preview Content */ = {
			isa = PBXGroup;
			children = (
				C30C9B2325615423004ED73A /* Preview Assets.xcassets */,
			);
			path = "Preview Content";
			sourceTree = "<group>";
		};
		C30C9B2D25615423004ED73A /* MyFoodMenuTests */ = {
			isa = PBXGroup;
			children = (
				C30C9B2E25615423004ED73A /* MyFoodMenuTests.swift */,
				C30C9B3025615423004ED73A /* Info.plist */,
			);
			path = MyFoodMenuTests;
			sourceTree = "<group>";
		};
		C30C9B3825615423004ED73A /* MyFoodMenuUITests */ = {
			isa = PBXGroup;
			children = (
				C30C9B3925615423004ED73A /* MyFoodMenuUITests.swift */,
				C30C9B3B25615423004ED73A /* Info.plist */,
			);
			path = MyFoodMenuUITests;
			sourceTree = "<group>";
		};
		C30C9B4C25618FE8004ED73A /* App */ = {
			isa = PBXGroup;
			children = (
				C30C9B1E25615421004ED73A /* ContentView.swift */,
				C30C9B1C25615421004ED73A /* MyFoodMenuApp.swift */,
			);
			path = App;
			sourceTree = "<group>";
		};
		C30C9B4D25619000004ED73A /* View */ = {
			isa = PBXGroup;
			children = (
				C30C9B4E25619032004ED73A /* FoodRowView.swift */,
			);
			path = View;
			sourceTree = "<group>";
		};
		C30C9B5625619CCA004ED73A /* Model */ = {
			isa = PBXGroup;
			children = (
				C30C9B5725619CE7004ED73A /* FoodModel.swift */,
			);
			path = Model;
			sourceTree = "<group>";
		};
		C30C9B5F25619E09004ED73A /* Data */ = {
			isa = PBXGroup;
			children = (
				C30C9B6025619E37004ED73A /* Food.swift */,
			);
			path = Data;
			sourceTree = "<group>";
		};
/* End PBXGroup section */

/* Begin PBXNativeTarget section */
		C30C9B1825615421004ED73A /* MyFoodMenu */ = {
			isa = PBXNativeTarget;
			buildConfigurationList = C30C9B3E25615423004ED73A /* Build configuration list for PBXNativeTarget "MyFoodMenu" */;
			buildPhases = (
				C30C9B1525615421004ED73A /* Sources */,
				C30C9B1625615421004ED73A /* Frameworks */,
				C30C9B1725615421004ED73A /* Resources */,
			);
			buildRules = (
			);
			dependencies = (
			);
			name = MyFoodMenu;
			productName = MyFoodMenu;
			productReference = C30C9B1925615421004ED73A /* MyFoodMenu.app */;
			productType = "com.apple.product-type.application";
		};
		C30C9B2925615423004ED73A /* MyFoodMenuTests */ = {
			isa = PBXNativeTarget;
			buildConfigurationList = C30C9B4125615423004ED73A /* Build configuration list for PBXNativeTarget "MyFoodMenuTests" */;
			buildPhases = (
				C30C9B2625615423004ED73A /* Sources */,
				C30C9B2725615423004ED73A /* Frameworks */,
				C30C9B2825615423004ED73A /* Resources */,
			);
			buildRules = (
			);
			dependencies = (
				C30C9B2C25615423004ED73A /* PBXTargetDependency */,
			);
			name = MyFoodMenuTests;
			productName = MyFoodMenuTests;
			productReference = C30C9B2A25615423004ED73A /* MyFoodMenuTests.xctest */;
			productType = "com.apple.product-type.bundle.unit-test";
		};
		C30C9B3425615423004ED73A /* MyFoodMenuUITests */ = {
			isa = PBXNativeTarget;
			buildConfigurationList = C30C9B4425615423004ED73A /* Build configuration list for PBXNativeTarget "MyFoodMenuUITests" */;
			buildPhases = (
				C30C9B3125615423004ED73A /* Sources */,
				C30C9B3225615423004ED73A /* Frameworks */,
				C30C9B3325615423004ED73A /* Resources */,
			);
			buildRules = (
			);
			dependencies = (
				C30C9B3725615423004ED73A /* PBXTargetDependency */,
			);
			name = MyFoodMenuUITests;
			productName = MyFoodMenuUITests;
			productReference = C30C9B3525615423004ED73A /* MyFoodMenuUITests.xctest */;
			productType = "com.apple.product-type.bundle.ui-testing";
		};
/* End PBXNativeTarget section */

/* Begin PBXProject section */
		C30C9B1125615421004ED73A /* Project object */ = {
			isa = PBXProject;
			attributes = {
				LastSwiftUpdateCheck = 1220;
				LastUpgradeCheck = 1220;
				TargetAttributes = {
					C30C9B1825615421004ED73A = {
						CreatedOnToolsVersion = 12.2;
					};
					C30C9B2925615423004ED73A = {
						CreatedOnToolsVersion = 12.2;
						TestTargetID = C30C9B1825615421004ED73A;
					};
					C30C9B3425615423004ED73A = {
						CreatedOnToolsVersion = 12.2;
						TestTargetID = C30C9B1825615421004ED73A;
					};
				};
			};
			buildConfigurationList = C30C9B1425615421004ED73A /* Build configuration list for PBXProject "MyFoodMenu" */;
			compatibilityVersion = "Xcode 9.3";
			developmentRegion = en;
			hasScannedForEncodings = 0;
			knownRegions = (
				en,
				Base,
			);
			mainGroup = C30C9B1025615421004ED73A;
			productRefGroup = C30C9B1A25615421004ED73A /* Products */;
			projectDirPath = "";
			projectRoot = "";
			targets = (
				C30C9B1825615421004ED73A /* MyFoodMenu */,
				C30C9B2925615423004ED73A /* MyFoodMenuTests */,
				C30C9B3425615423004ED73A /* MyFoodMenuUITests */,
			);
		};
/* End PBXProject section */

/* Begin PBXResourcesBuildPhase section */
		C30C9B1725615421004ED73A /* Resources */ = {
			isa = PBXResourcesBuildPhase;
			buildActionMask = 2147483647;
			files = (
				C30C9B2425615423004ED73A /* Preview Assets.xcassets in Resources */,
				C30C9B2125615423004ED73A /* Assets.xcassets in Resources */,
			);
			runOnlyForDeploymentPostprocessing = 0;
		};
		C30C9B2825615423004ED73A /* Resources */ = {
			isa = PBXResourcesBuildPhase;
			buildActionMask = 2147483647;
			files = (
			);
			runOnlyForDeploymentPostprocessing = 0;
		};
		C30C9B3325615423004ED73A /* Resources */ = {
			isa = PBXResourcesBuildPhase;
			buildActionMask = 2147483647;
			files = (
			);
			runOnlyForDeploymentPostprocessing = 0;
		};
/* End PBXResourcesBuildPhase section */

/* Begin PBXSourcesBuildPhase section */
		C30C9B1525615421004ED73A /* Sources */ = {
			isa = PBXSourcesBuildPhase;
			buildActionMask = 2147483647;
			files = (
				C30C9B1F25615421004ED73A /* ContentView.swift in Sources */,
				C30C9B1D25615421004ED73A /* MyFoodMenuApp.swift in Sources */,
				C30C9B6125619E37004ED73A /* Food.swift in Sources */,
				C30C9B4F25619032004ED73A /* FoodRowView.swift in Sources */,
				C30C9B5825619CE7004ED73A /* FoodModel.swift in Sources */,
			);
			runOnlyForDeploymentPostprocessing = 0;
		};
		C30C9B2625615423004ED73A /* Sources */ = {
			isa = PBXSourcesBuildPhase;
			buildActionMask = 2147483647;
			files = (
				C30C9B2F25615423004ED73A /* MyFoodMenuTests.swift in Sources */,
			);
			runOnlyForDeploymentPostprocessing = 0;
		};
		C30C9B3125615423004ED73A /* Sources */ = {
			isa = PBXSourcesBuildPhase;
			buildActionMask = 2147483647;
			files = (
				C30C9B3A25615423004ED73A /* MyFoodMenuUITests.swift in Sources */,
			);
			runOnlyForDeploymentPostprocessing = 0;
		};
/* End PBXSourcesBuildPhase section */

/* Begin PBXTargetDependency section */
		C30C9B2C25615423004ED73A /* PBXTargetDependency */ = {
			isa = PBXTargetDependency;
			target = C30C9B1825615421004ED73A /* MyFoodMenu */;
			targetProxy = C30C9B2B25615423004ED73A /* PBXContainerItemProxy */;
		};
		C30C9B3725615423004ED73A /* PBXTargetDependency */ = {
			isa = PBXTargetDependency;
			target = C30C9B1825615421004ED73A /* MyFoodMenu */;
			targetProxy = C30C9B3625615423004ED73A /* PBXContainerItemProxy */;
		};
/* End PBXTargetDependency section */

/* Begin XCBuildConfiguration section */
		C30C9B3C25615423004ED73A /* Debug */ = {
			isa = XCBuildConfiguration;
			buildSettings = {
				ALWAYS_SEARCH_USER_PATHS = NO;
				CLANG_ANALYZER_NONNULL = YES;
				CLANG_ANALYZER_NUMBER_OBJECT_CONVERSION = YES_AGGRESSIVE;
				CLANG_CXX_LANGUAGE_STANDARD = "gnu++14";
				CLANG_CXX_LIBRARY = "libc++";
				CLANG_ENABLE_MODULES = YES;
				CLANG_ENABLE_OBJC_ARC = YES;
				CLANG_ENABLE_OBJC_WEAK = YES;
				CLANG_WARN_BLOCK_CAPTURE_AUTORELEASING = YES;
				CLANG_WARN_BOOL_CONVERSION = YES;
				CLANG_WARN_COMMA = YES;
				CLANG_WARN_CONSTANT_CONVERSION = YES;
				CLANG_WARN_DEPRECATED_OBJC_IMPLEMENTATIONS = YES;
				CLANG_WARN_DIRECT_OBJC_ISA_USAGE = YES_ERROR;
				CLANG_WARN_DOCUMENTATION_COMMENTS = YES;
				CLANG_WARN_EMPTY_BODY = YES;
				CLANG_WARN_ENUM_CONVERSION = YES;
				CLANG_WARN_INFINITE_RECURSION = YES;
				CLANG_WARN_INT_CONVERSION = YES;
				CLANG_WARN_NON_LITERAL_NULL_CONVERSION = YES;
				CLANG_WARN_OBJC_IMPLICIT_RETAIN_SELF = YES;
				CLANG_WARN_OBJC_LITERAL_CONVERSION = YES;
				CLANG_WARN_OBJC_ROOT_CLASS = YES_ERROR;
				CLANG_WARN_QUOTED_INCLUDE_IN_FRAMEWORK_HEADER = YES;
				CLANG_WARN_RANGE_LOOP_ANALYSIS = YES;
				CLANG_WARN_STRICT_PROTOTYPES = YES;
				CLANG_WARN_SUSPICIOUS_MOVE = YES;
				CLANG_WARN_UNGUARDED_AVAILABILITY = YES_AGGRESSIVE;
				CLANG_WARN_UNREACHABLE_CODE = YES;
				CLANG_WARN__DUPLICATE_METHOD_MATCH = YES;
				COPY_PHASE_STRIP = NO;
				DEBUG_INFORMATION_FORMAT = dwarf;
				ENABLE_STRICT_OBJC_MSGSEND = YES;
				ENABLE_TESTABILITY = YES;
				GCC_C_LANGUAGE_STANDARD = gnu11;
				GCC_DYNAMIC_NO_PIC = NO;
				GCC_NO_COMMON_BLOCKS = YES;
				GCC_OPTIMIZATION_LEVEL = 0;
				GCC_PREPROCESSOR_DEFINITIONS = (
					"DEBUG=1",
					"$(inherited)",
				);
				GCC_WARN_64_TO_32_BIT_CONVERSION = YES;
				GCC_WARN_ABOUT_RETURN_TYPE = YES_ERROR;
				GCC_WARN_UNDECLARED_SELECTOR = YES;
				GCC_WARN_UNINITIALIZED_AUTOS = YES_AGGRESSIVE;
				GCC_WARN_UNUSED_FUNCTION = YES;
				GCC_WARN_UNUSED_VARIABLE = YES;
				IPHONEOS_DEPLOYMENT_TARGET = 14.2;
				MTL_ENABLE_DEBUG_INFO = INCLUDE_SOURCE;
				MTL_FAST_MATH = YES;
				ONLY_ACTIVE_ARCH = YES;
				SDKROOT = iphoneos;
				SWIFT_ACTIVE_COMPILATION_CONDITIONS = DEBUG;
				SWIFT_OPTIMIZATION_LEVEL = "-Onone";
			};
			name = Debug;
		};
		C30C9B3D25615423004ED73A /* Release */ = {
			isa = XCBuildConfiguration;
			buildSettings = {
				ALWAYS_SEARCH_USER_PATHS = NO;
				CLANG_ANALYZER_NONNULL = YES;
				CLANG_ANALYZER_NUMBER_OBJECT_CONVERSION = YES_AGGRESSIVE;
				CLANG_CXX_LANGUAGE_STANDARD = "gnu++14";
				CLANG_CXX_LIBRARY = "libc++";
				CLANG_ENABLE_MODULES = YES;
				CLANG_ENABLE_OBJC_ARC = YES;
				CLANG_ENABLE_OBJC_WEAK = YES;
				CLANG_WARN_BLOCK_CAPTURE_AUTORELEASING = YES;
				CLANG_WARN_BOOL_CONVERSION = YES;
				CLANG_WARN_COMMA = YES;
				CLANG_WARN_CONSTANT_CONVERSION = YES;
				CLANG_WARN_DEPRECATED_OBJC_IMPLEMENTATIONS = YES;
				CLANG_WARN_DIRECT_OBJC_ISA_USAGE = YES_ERROR;
				CLANG_WARN_DOCUMENTATION_COMMENTS = YES;
				CLANG_WARN_EMPTY_BODY = YES;
				CLANG_WARN_ENUM_CONVERSION = YES;
				CLANG_WARN_INFINITE_RECURSION = YES;
				CLANG_WARN_INT_CONVERSION = YES;
				CLANG_WARN_NON_LITERAL_NULL_CONVERSION = YES;
				CLANG_WARN_OBJC_IMPLICIT_RETAIN_SELF = YES;
				CLANG_WARN_OBJC_LITERAL_CONVERSION = YES;
				CLANG_WARN_OBJC_ROOT_CLASS = YES_ERROR;
				CLANG_WARN_QUOTED_INCLUDE_IN_FRAMEWORK_HEADER = YES;
				CLANG_WARN_RANGE_LOOP_ANALYSIS = YES;
				CLANG_WARN_STRICT_PROTOTYPES = YES;
				CLANG_WARN_SUSPICIOUS_MOVE = YES;
				CLANG_WARN_UNGUARDED_AVAILABILITY = YES_AGGRESSIVE;
				CLANG_WARN_UNREACHABLE_CODE = YES;
				CLANG_WARN__DUPLICATE_METHOD_MATCH = YES;
				COPY_PHASE_STRIP = NO;
				DEBUG_INFORMATION_FORMAT = "dwarf-with-dsym";
				ENABLE_NS_ASSERTIONS = NO;
				ENABLE_STRICT_OBJC_MSGSEND = YES;
				GCC_C_LANGUAGE_STANDARD = gnu11;
				GCC_NO_COMMON_BLOCKS = YES;
				GCC_WARN_64_TO_32_BIT_CONVERSION = YES;
				GCC_WARN_ABOUT_RETURN_TYPE = YES_ERROR;
				GCC_WARN_UNDECLARED_SELECTOR = YES;
				GCC_WARN_UNINITIALIZED_AUTOS = YES_AGGRESSIVE;
				GCC_WARN_UNUSED_FUNCTION = YES;
				GCC_WARN_UNUSED_VARIABLE = YES;
				IPHONEOS_DEPLOYMENT_TARGET = 14.2;
				MTL_ENABLE_DEBUG_INFO = NO;
				MTL_FAST_MATH = YES;
				SDKROOT = iphoneos;
				SWIFT_COMPILATION_MODE = wholemodule;
				SWIFT_OPTIMIZATION_LEVEL = "-O";
				VALIDATE_PRODUCT = YES;
			};
			name = Release;
		};
		C30C9B3F25615423004ED73A /* Debug */ = {
			isa = XCBuildConfiguration;
			buildSettings = {
				ASSETCATALOG_COMPILER_APPICON_NAME = AppIcon;
				ASSETCATALOG_COMPILER_GLOBAL_ACCENT_COLOR_NAME = AccentColor;
				CODE_SIGN_STYLE = Automatic;
				DEVELOPMENT_ASSET_PATHS = "\"MyFoodMenu/Preview Content\"";
				ENABLE_PREVIEWS = YES;
				INFOPLIST_FILE = MyFoodMenu/Info.plist;
				IPHONEOS_DEPLOYMENT_TARGET = 14.0;
				LD_RUNPATH_SEARCH_PATHS = (
					"$(inherited)",
					"@executable_path/Frameworks",
				);
				PRODUCT_BUNDLE_IDENTIFIER = com.example.MyFoodMenu;
				PRODUCT_NAME = "$(TARGET_NAME)";
				SWIFT_VERSION = 5.0;
				TARGETED_DEVICE_FAMILY = "1,2";
			};
			name = Debug;
		};
		C30C9B4025615423004ED73A /* Release */ = {
			isa = XCBuildConfiguration;
			buildSettings = {
				ASSETCATALOG_COMPILER_APPICON_NAME = AppIcon;
				ASSETCATALOG_COMPILER_GLOBAL_ACCENT_COLOR_NAME = AccentColor;
				CODE_SIGN_STYLE = Automatic;
				DEVELOPMENT_ASSET_PATHS = "\"MyFoodMenu/Preview Content\"";
				ENABLE_PREVIEWS = YES;
				INFOPLIST_FILE = MyFoodMenu/Info.plist;
				IPHONEOS_DEPLOYMENT_TARGET = 14.0;
				LD_RUNPATH_SEARCH_PATHS = (
					"$(inherited)",
					"@executable_path/Frameworks",
				);
				PRODUCT_BUNDLE_IDENTIFIER = com.example.MyFoodMenu;
				PRODUCT_NAME = "$(TARGET_NAME)";
				SWIFT_VERSION = 5.0;
				TARGETED_DEVICE_FAMILY = "1,2";
			};
			name = Release;
		};
		C30C9B4225615423004ED73A /* Debug */ = {
			isa = XCBuildConfiguration;
			buildSettings = {
				ALWAYS_EMBED_SWIFT_STANDARD_LIBRARIES = YES;
				BUNDLE_LOADER = "$(TEST_HOST)";
				CODE_SIGN_STYLE = Automatic;
				INFOPLIST_FILE = MyFoodMenuTests/Info.plist;
				IPHONEOS_DEPLOYMENT_TARGET = 14.0;
				LD_RUNPATH_SEARCH_PATHS = (
					"$(inherited)",
					"@executable_path/Frameworks",
					"@loader_path/Frameworks",
				);
				PRODUCT_BUNDLE_IDENTIFIER = com.example.MyFoodMenuTests;
				PRODUCT_NAME = "$(TARGET_NAME)";
				SWIFT_VERSION = 5.0;
				TARGETED_DEVICE_FAMILY = "1,2";
				TEST_HOST = "$(BUILT_PRODUCTS_DIR)/MyFoodMenu.app/MyFoodMenu";
			};
			name = Debug;
		};
		C30C9B4325615423004ED73A /* Release */ = {
			isa = XCBuildConfiguration;
			buildSettings = {
				ALWAYS_EMBED_SWIFT_STANDARD_LIBRARIES = YES;
				BUNDLE_LOADER = "$(TEST_HOST)";
				CODE_SIGN_STYLE = Automatic;
				INFOPLIST_FILE = MyFoodMenuTests/Info.plist;
				IPHONEOS_DEPLOYMENT_TARGET = 14.0;
				LD_RUNPATH_SEARCH_PATHS = (
					"$(inherited)",
					"@executable_path/Frameworks",
					"@loader_path/Frameworks",
				);
				PRODUCT_BUNDLE_IDENTIFIER = com.example.MyFoodMenuTests;
				PRODUCT_NAME = "$(TARGET_NAME)";
				SWIFT_VERSION = 5.0;
				TARGETED_DEVICE_FAMILY = "1,2";
				TEST_HOST = "$(BUILT_PRODUCTS_DIR)/MyFoodMenu.app/MyFoodMenu";
			};
			name = Release;
		};
		C30C9B4525615423004ED73A /* Debug */ = {
			isa = XCBuildConfiguration;
			buildSettings = {
				ALWAYS_EMBED_SWIFT_STANDARD_LIBRARIES = YES;
				CODE_SIGN_STYLE = Automatic;
				INFOPLIST_FILE = MyFoodMenuUITests/Info.plist;
				LD_RUNPATH_SEARCH_PATHS = (
					"$(inherited)",
					"@executable_path/Frameworks",
					"@loader_path/Frameworks",
				);
				PRODUCT_BUNDLE_IDENTIFIER = com.example.MyFoodMenuUITests;
				PRODUCT_NAME = "$(TARGET_NAME)";
				SWIFT_VERSION = 5.0;
				TARGETED_DEVICE_FAMILY = "1,2";
				TEST_TARGET_NAME = MyFoodMenu;
			};
			name = Debug;
		};
		C30C9B4625615423004ED73A /* Release */ = {
			isa = XCBuildConfiguration;
			buildSettings = {
				ALWAYS_EMBED_SWIFT_STANDARD_LIBRARIES = YES;
				CODE_SIGN_STYLE = Automatic;
				INFOPLIST_FILE = MyFoodMenuUITests/Info.plist;
				LD_RUNPATH_SEARCH_PATHS = (
					"$(inherited)",
					"@executable_path/Frameworks",
					"@loader_path/Frameworks",
				);
				PRODUCT_BUNDLE_IDENTIFIER = com.example.MyFoodMenuUITests;
				PRODUCT_NAME = "$(TARGET_NAME)";
				SWIFT_VERSION = 5.0;
				TARGETED_DEVICE_FAMILY = "1,2";
				TEST_TARGET_NAME = MyFoodMenu;
			};
			name = Release;
		};
/* End XCBuildConfiguration section */

/* Begin XCConfigurationList section */
		C30C9B1425615421004ED73A /* Build configuration list for PBXProject "MyFoodMenu" */ = {
			isa = XCConfigurationList;
			buildConfigurations = (
				C30C9B3C25615423004ED73A /* Debug */,
				C30C9B3D25615423004ED73A /* Release */,
			);
			defaultConfigurationIsVisible = 0;
			defaultConfigurationName = Release;
		};
		C30C9B3E25615423004ED73A /* Build configuration list for PBXNativeTarget "MyFoodMenu" */ = {
			isa = XCConfigurationList;
			buildConfigurations = (
				C30C9B3F25615423004ED73A /* Debug */,
				C30C9B4025615423004ED73A /* Release */,
			);
			defaultConfigurationIsVisible = 0;
			defaultConfigurationName = Release;
		};
		C30C9B4125615423004ED73A /* Build configuration list for PBXNativeTarget "MyFoodMenuTests" */ = {
			isa = XCConfigurationList;
			buildConfigurations = (
				C30C9B4225615423004ED73A /* Debug */,
				C30C9B4325615423004ED73A /* Release */,
			);
			defaultConfigurationIsVisible = 0;
			defaultConfigurationName = Release;
		};
		C30C9B4425615423004ED73A /* Build configuration list for PBXNativeTarget "MyFoodMenuUITests" */ = {
			isa = XCConfigurationList;
			buildConfigurations = (
				C30C9B4525615423004ED73A /* Debug */,
				C30C9B4625615423004ED73A /* Release */,
			);
			defaultConfigurationIsVisible = 0;
			defaultConfigurationName = Release;
		};
/* End XCConfigurationList section */
	};
	rootObject = C30C9B1125615421004ED73A /* Project object */;
}
